// !$*UTF8*$!
{
	archiveVersion = 1;
	classes = {
	};
	objectVersion = 77;
	objects = {

/* Begin PBXBuildFile section */
		F1C500FC2CBB9EBF005F4554 /* FirebaseAuth in Frameworks */ = {isa = PBXBuildFile; productRef = F1C500FB2CBB9EBF005F4554 /* FirebaseAuth */; };
		F1C500FE2CBB9EBF005F4554 /* FirebaseFirestore in Frameworks */ = {isa = PBXBuildFile; productRef = F1C500FD2CBB9EBF005F4554 /* FirebaseFirestore */; };
		F1D14AD42CBD072A003113EC /* FirebaseCore in Frameworks */ = {isa = PBXBuildFile; productRef = F1D14AD32CBD072A003113EC /* FirebaseCore */; };
/* End PBXBuildFile section */

/* Begin PBXContainerItemProxy section */
		F1C500DE2CBB44C8005F4554 /* PBXContainerItemProxy */ = {
			isa = PBXContainerItemProxy;
			containerPortal = F1C500C42CBB44C3005F4554 /* Project object */;
			proxyType = 1;
			remoteGlobalIDString = F1C500CB2CBB44C3005F4554;
			remoteInfo = mBudget;
		};
		F1C500E82CBB44C9005F4554 /* PBXContainerItemProxy */ = {
			isa = PBXContainerItemProxy;
			containerPortal = F1C500C42CBB44C3005F4554 /* Project object */;
			proxyType = 1;
			remoteGlobalIDString = F1C500CB2CBB44C3005F4554;
			remoteInfo = mBudget;
		};
/* End PBXContainerItemProxy section */

/* Begin PBXFileReference section */
		F1C500CC2CBB44C3005F4554 /* mBudget.app */ = {isa = PBXFileReference; explicitFileType = wrapper.application; includeInIndex = 0; path = mBudget.app; sourceTree = BUILT_PRODUCTS_DIR; };
		F1C500DD2CBB44C8005F4554 /* mBudgetTests.xctest */ = {isa = PBXFileReference; explicitFileType = wrapper.cfbundle; includeInIndex = 0; path = mBudgetTests.xctest; sourceTree = BUILT_PRODUCTS_DIR; };
		F1C500E72CBB44C9005F4554 /* mBudgetUITests.xctest */ = {isa = PBXFileReference; explicitFileType = wrapper.cfbundle; includeInIndex = 0; path = mBudgetUITests.xctest; sourceTree = BUILT_PRODUCTS_DIR; };
/* End PBXFileReference section */

/* Begin PBXFileSystemSynchronizedRootGroup section */
		F1C500CE2CBB44C3005F4554 /* mBudget */ = {
			isa = PBXFileSystemSynchronizedRootGroup;
			path = mBudget;
			sourceTree = "<group>";
		};
		F1C500E02CBB44C8005F4554 /* mBudgetTests */ = {
			isa = PBXFileSystemSynchronizedRootGroup;
			path = mBudgetTests;
			sourceTree = "<group>";
		};
		F1C500EA2CBB44C9005F4554 /* mBudgetUITests */ = {
			isa = PBXFileSystemSynchronizedRootGroup;
			path = mBudgetUITests;
			sourceTree = "<group>";
		};
/* End PBXFileSystemSynchronizedRootGroup section */

/* Begin PBXFrameworksBuildPhase section */
		F1C500C92CBB44C3005F4554 /* Frameworks */ = {
			isa = PBXFrameworksBuildPhase;
			buildActionMask = 2147483647;
			files = (
				F1C500FC2CBB9EBF005F4554 /* FirebaseAuth in Frameworks */,
				F1D14AD42CBD072A003113EC /* FirebaseCore in Frameworks */,
				F1C500FE2CBB9EBF005F4554 /* FirebaseFirestore in Frameworks */,
			);
			runOnlyForDeploymentPostprocessing = 0;
		};
		F1C500DA2CBB44C8005F4554 /* Frameworks */ = {
			isa = PBXFrameworksBuildPhase;
			buildActionMask = 2147483647;
			files = (
			);
			runOnlyForDeploymentPostprocessing = 0;
		};
		F1C500E42CBB44C9005F4554 /* Frameworks */ = {
			isa = PBXFrameworksBuildPhase;
			buildActionMask = 2147483647;
			files = (
			);
			runOnlyForDeploymentPostprocessing = 0;
		};
/* End PBXFrameworksBuildPhase section */

/* Begin PBXGroup section */
		F1C500C32CBB44C3005F4554 = {
			isa = PBXGroup;
			children = (
				F1C500CE2CBB44C3005F4554 /* mBudget */,
				F1C500E02CBB44C8005F4554 /* mBudgetTests */,
				F1C500EA2CBB44C9005F4554 /* mBudgetUITests */,
				F1C500CD2CBB44C3005F4554 /* Products */,
			);
			sourceTree = "<group>";
		};
		F1C500CD2CBB44C3005F4554 /* Products */ = {
			isa = PBXGroup;
			children = (
				F1C500CC2CBB44C3005F4554 /* mBudget.app */,
				F1C500DD2CBB44C8005F4554 /* mBudgetTests.xctest */,
				F1C500E72CBB44C9005F4554 /* mBudgetUITests.xctest */,
			);
			name = Products;
			sourceTree = "<group>";
		};
/* End PBXGroup section */

/* Begin PBXNativeTarget section */
		F1C500CB2CBB44C3005F4554 /* mBudget */ = {
			isa = PBXNativeTarget;
			buildConfigurationList = F1C500F12CBB44C9005F4554 /* Build configuration list for PBXNativeTarget "mBudget" */;
			buildPhases = (
				F1C500C82CBB44C3005F4554 /* Sources */,
				F1C500C92CBB44C3005F4554 /* Frameworks */,
				F1C500CA2CBB44C3005F4554 /* Resources */,
			);
			buildRules = (
			);
			dependencies = (
			);
			fileSystemSynchronizedGroups = (
				F1C500CE2CBB44C3005F4554 /* mBudget */,
			);
			name = mBudget;
			packageProductDependencies = (
				F1C500FB2CBB9EBF005F4554 /* FirebaseAuth */,
				F1C500FD2CBB9EBF005F4554 /* FirebaseFirestore */,
				F1D14AD32CBD072A003113EC /* FirebaseCore */,
			);
			productName = mBudget;
			productReference = F1C500CC2CBB44C3005F4554 /* mBudget.app */;
			productType = "com.apple.product-type.application";
		};
		F1C500DC2CBB44C8005F4554 /* mBudgetTests */ = {
			isa = PBXNativeTarget;
			buildConfigurationList = F1C500F42CBB44C9005F4554 /* Build configuration list for PBXNativeTarget "mBudgetTests" */;
			buildPhases = (
				F1C500D92CBB44C8005F4554 /* Sources */,
				F1C500DA2CBB44C8005F4554 /* Frameworks */,
				F1C500DB2CBB44C8005F4554 /* Resources */,
			);
			buildRules = (
			);
			dependencies = (
				F1C500DF2CBB44C8005F4554 /* PBXTargetDependency */,
			);
			fileSystemSynchronizedGroups = (
				F1C500E02CBB44C8005F4554 /* mBudgetTests */,
			);
			name = mBudgetTests;
			packageProductDependencies = (
			);
			productName = mBudgetTests;
			productReference = F1C500DD2CBB44C8005F4554 /* mBudgetTests.xctest */;
			productType = "com.apple.product-type.bundle.unit-test";
		};
		F1C500E62CBB44C9005F4554 /* mBudgetUITests */ = {
			isa = PBXNativeTarget;
			buildConfigurationList = F1C500F72CBB44C9005F4554 /* Build configuration list for PBXNativeTarget "mBudgetUITests" */;
			buildPhases = (
				F1C500E32CBB44C9005F4554 /* Sources */,
				F1C500E42CBB44C9005F4554 /* Frameworks */,
				F1C500E52CBB44C9005F4554 /* Resources */,
			);
			buildRules = (
			);
			dependencies = (
				F1C500E92CBB44C9005F4554 /* PBXTargetDependency */,
			);
			fileSystemSynchronizedGroups = (
				F1C500EA2CBB44C9005F4554 /* mBudgetUITests */,
			);
			name = mBudgetUITests;
			packageProductDependencies = (
			);
			productName = mBudgetUITests;
			productReference = F1C500E72CBB44C9005F4554 /* mBudgetUITests.xctest */;
			productType = "com.apple.product-type.bundle.ui-testing";
		};
/* End PBXNativeTarget section */

/* Begin PBXProject section */
		F1C500C42CBB44C3005F4554 /* Project object */ = {
			isa = PBXProject;
			attributes = {
				BuildIndependentTargetsInParallel = 1;
				LastSwiftUpdateCheck = 1600;
				LastUpgradeCheck = 1600;
				TargetAttributes = {
					F1C500CB2CBB44C3005F4554 = {
						CreatedOnToolsVersion = 16.0;
					};
					F1C500DC2CBB44C8005F4554 = {
						CreatedOnToolsVersion = 16.0;
						TestTargetID = F1C500CB2CBB44C3005F4554;
					};
					F1C500E62CBB44C9005F4554 = {
						CreatedOnToolsVersion = 16.0;
						TestTargetID = F1C500CB2CBB44C3005F4554;
					};
				};
			};
			buildConfigurationList = F1C500C72CBB44C3005F4554 /* Build configuration list for PBXProject "mBudget" */;
			developmentRegion = en;
			hasScannedForEncodings = 0;
			knownRegions = (
				en,
				Base,
			);
			mainGroup = F1C500C32CBB44C3005F4554;
			minimizedProjectReferenceProxies = 1;
			packageReferences = (
				F1C500FA2CBB9DE4005F4554 /* XCRemoteSwiftPackageReference "firebase-ios-sdk" */,
			);
			preferredProjectObjectVersion = 77;
			productRefGroup = F1C500CD2CBB44C3005F4554 /* Products */;
			projectDirPath = "";
			projectRoot = "";
			targets = (
				F1C500CB2CBB44C3005F4554 /* mBudget */,
				F1C500DC2CBB44C8005F4554 /* mBudgetTests */,
				F1C500E62CBB44C9005F4554 /* mBudgetUITests */,
			);
		};
/* End PBXProject section */

/* Begin PBXResourcesBuildPhase section */
		F1C500CA2CBB44C3005F4554 /* Resources */ = {
			isa = PBXResourcesBuildPhase;
			buildActionMask = 2147483647;
			files = (
			);
			runOnlyForDeploymentPostprocessing = 0;
		};
		F1C500DB2CBB44C8005F4554 /* Resources */ = {
			isa = PBXResourcesBuildPhase;
			buildActionMask = 2147483647;
			files = (
			);
			runOnlyForDeploymentPostprocessing = 0;
		};
		F1C500E52CBB44C9005F4554 /* Resources */ = {
			isa = PBXResourcesBuildPhase;
			buildActionMask = 2147483647;
			files = (
			);
			runOnlyForDeploymentPostprocessing = 0;
		};
/* End PBXResourcesBuildPhase section */

/* Begin PBXSourcesBuildPhase section */
		F1C500C82CBB44C3005F4554 /* Sources */ = {
			isa = PBXSourcesBuildPhase;
			buildActionMask = 2147483647;
			files = (
			);
			runOnlyForDeploymentPostprocessing = 0;
		};
		F1C500D92CBB44C8005F4554 /* Sources */ = {
			isa = PBXSourcesBuildPhase;
			buildActionMask = 2147483647;
			files = (
			);
			runOnlyForDeploymentPostprocessing = 0;
		};
		F1C500E32CBB44C9005F4554 /* Sources */ = {
			isa = PBXSourcesBuildPhase;
			buildActionMask = 2147483647;
			files = (
			);
			runOnlyForDeploymentPostprocessing = 0;
		};
/* End PBXSourcesBuildPhase section */

/* Begin PBXTargetDependency section */
		F1C500DF2CBB44C8005F4554 /* PBXTargetDependency */ = {
			isa = PBXTargetDependency;
			target = F1C500CB2CBB44C3005F4554 /* mBudget */;
			targetProxy = F1C500DE2CBB44C8005F4554 /* PBXContainerItemProxy */;
		};
		F1C500E92CBB44C9005F4554 /* PBXTargetDependency */ = {
			isa = PBXTargetDependency;
			target = F1C500CB2CBB44C3005F4554 /* mBudget */;
			targetProxy = F1C500E82CBB44C9005F4554 /* PBXContainerItemProxy */;
		};
/* End PBXTargetDependency section */

/* Begin XCBuildConfiguration section */
		F1C500EF2CBB44C9005F4554 /* Debug */ = {
			isa = XCBuildConfiguration;
			buildSettings = {
				ALWAYS_SEARCH_USER_PATHS = NO;
				ASSETCATALOG_COMPILER_GENERATE_SWIFT_ASSET_SYMBOL_EXTENSIONS = YES;
				CLANG_ANALYZER_NONNULL = YES;
				CLANG_ANALYZER_NUMBER_OBJECT_CONVERSION = YES_AGGRESSIVE;
				CLANG_CXX_LANGUAGE_STANDARD = "gnu++20";
				CLANG_ENABLE_MODULES = YES;
				CLANG_ENABLE_OBJC_ARC = YES;
				CLANG_ENABLE_OBJC_WEAK = YES;
				CLANG_WARN_BLOCK_CAPTURE_AUTORELEASING = YES;
				CLANG_WARN_BOOL_CONVERSION = YES;
				CLANG_WARN_COMMA = YES;
				CLANG_WARN_CONSTANT_CONVERSION = YES;
				CLANG_WARN_DEPRECATED_OBJC_IMPLEMENTATIONS = YES;
				CLANG_WARN_DIRECT_OBJC_ISA_USAGE = YES_ERROR;
				CLANG_WARN_DOCUMENTATION_COMMENTS = YES;
				CLANG_WARN_EMPTY_BODY = YES;
				CLANG_WARN_ENUM_CONVERSION = YES;
				CLANG_WARN_INFINITE_RECURSION = YES;
				CLANG_WARN_INT_CONVERSION = YES;
				CLANG_WARN_NON_LITERAL_NULL_CONVERSION = YES;
				CLANG_WARN_OBJC_IMPLICIT_RETAIN_SELF = YES;
				CLANG_WARN_OBJC_LITERAL_CONVERSION = YES;
				CLANG_WARN_OBJC_ROOT_CLASS = YES_ERROR;
				CLANG_WARN_QUOTED_INCLUDE_IN_FRAMEWORK_HEADER = YES;
				CLANG_WARN_RANGE_LOOP_ANALYSIS = YES;
				CLANG_WARN_STRICT_PROTOTYPES = YES;
				CLANG_WARN_SUSPICIOUS_MOVE = YES;
				CLANG_WARN_UNGUARDED_AVAILABILITY = YES_AGGRESSIVE;
				CLANG_WARN_UNREACHABLE_CODE = YES;
				CLANG_WARN__DUPLICATE_METHOD_MATCH = YES;
				COPY_PHASE_STRIP = NO;
				DEBUG_INFORMATION_FORMAT = dwarf;
				ENABLE_STRICT_OBJC_MSGSEND = YES;
				ENABLE_TESTABILITY = YES;
				ENABLE_USER_SCRIPT_SANDBOXING = YES;
				GCC_C_LANGUAGE_STANDARD = gnu17;
				GCC_DYNAMIC_NO_PIC = NO;
				GCC_NO_COMMON_BLOCKS = YES;
				GCC_OPTIMIZATION_LEVEL = 0;
				GCC_PREPROCESSOR_DEFINITIONS = (
					"DEBUG=1",
					"$(inherited)",
				);
				GCC_WARN_64_TO_32_BIT_CONVERSION = YES;
				GCC_WARN_ABOUT_RETURN_TYPE = YES_ERROR;
				GCC_WARN_UNDECLARED_SELECTOR = YES;
				GCC_WARN_UNINITIALIZED_AUTOS = YES_AGGRESSIVE;
				GCC_WARN_UNUSED_FUNCTION = YES;
				GCC_WARN_UNUSED_VARIABLE = YES;
				LOCALIZATION_PREFERS_STRING_CATALOGS = YES;
				MTL_ENABLE_DEBUG_INFO = INCLUDE_SOURCE;
				MTL_FAST_MATH = YES;
				ONLY_ACTIVE_ARCH = YES;
				SWIFT_ACTIVE_COMPILATION_CONDITIONS = "DEBUG $(inherited)";
				SWIFT_OPTIMIZATION_LEVEL = "-Onone";
			};
			name = Debug;
		};
		F1C500F02CBB44C9005F4554 /* Release */ = {
			isa = XCBuildConfiguration;
			buildSettings = {
				ALWAYS_SEARCH_USER_PATHS = NO;
				ASSETCATALOG_COMPILER_GENERATE_SWIFT_ASSET_SYMBOL_EXTENSIONS = YES;
				CLANG_ANALYZER_NONNULL = YES;
				CLANG_ANALYZER_NUMBER_OBJECT_CONVERSION = YES_AGGRESSIVE;
				CLANG_CXX_LANGUAGE_STANDARD = "gnu++20";
				CLANG_ENABLE_MODULES = YES;
				CLANG_ENABLE_OBJC_ARC = YES;
				CLANG_ENABLE_OBJC_WEAK = YES;
				CLANG_WARN_BLOCK_CAPTURE_AUTORELEASING = YES;
				CLANG_WARN_BOOL_CONVERSION = YES;
				CLANG_WARN_COMMA = YES;
				CLANG_WARN_CONSTANT_CONVERSION = YES;
				CLANG_WARN_DEPRECATED_OBJC_IMPLEMENTATIONS = YES;
				CLANG_WARN_DIRECT_OBJC_ISA_USAGE = YES_ERROR;
				CLANG_WARN_DOCUMENTATION_COMMENTS = YES;
				CLANG_WARN_EMPTY_BODY = YES;
				CLANG_WARN_ENUM_CONVERSION = YES;
				CLANG_WARN_INFINITE_RECURSION = YES;
				CLANG_WARN_INT_CONVERSION = YES;
				CLANG_WARN_NON_LITERAL_NULL_CONVERSION = YES;
				CLANG_WARN_OBJC_IMPLICIT_RETAIN_SELF = YES;
				CLANG_WARN_OBJC_LITERAL_CONVERSION = YES;
				CLANG_WARN_OBJC_ROOT_CLASS = YES_ERROR;
				CLANG_WARN_QUOTED_INCLUDE_IN_FRAMEWORK_HEADER = YES;
				CLANG_WARN_RANGE_LOOP_ANALYSIS = YES;
				CLANG_WARN_STRICT_PROTOTYPES = YES;
				CLANG_WARN_SUSPICIOUS_MOVE = YES;
				CLANG_WARN_UNGUARDED_AVAILABILITY = YES_AGGRESSIVE;
				CLANG_WARN_UNREACHABLE_CODE = YES;
				CLANG_WARN__DUPLICATE_METHOD_MATCH = YES;
				COPY_PHASE_STRIP = NO;
				DEBUG_INFORMATION_FORMAT = "dwarf-with-dsym";
				ENABLE_NS_ASSERTIONS = NO;
				ENABLE_STRICT_OBJC_MSGSEND = YES;
				ENABLE_USER_SCRIPT_SANDBOXING = YES;
				GCC_C_LANGUAGE_STANDARD = gnu17;
				GCC_NO_COMMON_BLOCKS = YES;
				GCC_WARN_64_TO_32_BIT_CONVERSION = YES;
				GCC_WARN_ABOUT_RETURN_TYPE = YES_ERROR;
				GCC_WARN_UNDECLARED_SELECTOR = YES;
				GCC_WARN_UNINITIALIZED_AUTOS = YES_AGGRESSIVE;
				GCC_WARN_UNUSED_FUNCTION = YES;
				GCC_WARN_UNUSED_VARIABLE = YES;
				LOCALIZATION_PREFERS_STRING_CATALOGS = YES;
				MTL_ENABLE_DEBUG_INFO = NO;
				MTL_FAST_MATH = YES;
				SWIFT_COMPILATION_MODE = wholemodule;
			};
			name = Release;
		};
		F1C500F22CBB44C9005F4554 /* Debug */ = {
			isa = XCBuildConfiguration;
			buildSettings = {
				ASSETCATALOG_COMPILER_APPICON_NAME = AppIcon;
				ASSETCATALOG_COMPILER_GLOBAL_ACCENT_COLOR_NAME = AccentColor;
				CODE_SIGN_ENTITLEMENTS = mBudget/mBudget.entitlements;
				CODE_SIGN_STYLE = Automatic;
				CURRENT_PROJECT_VERSION = 1;
				DEVELOPMENT_ASSET_PATHS = "\"mBudget/Preview Content\"";
				DEVELOPMENT_TEAM = 8AL455H544;
				ENABLE_PREVIEWS = YES;
				GENERATE_INFOPLIST_FILE = YES;
				INFOPLIST_KEY_CFBundleDisplayName = mBudget;
				"INFOPLIST_KEY_UIApplicationSceneManifest_Generation[sdk=iphoneos*]" = YES;
				"INFOPLIST_KEY_UIApplicationSceneManifest_Generation[sdk=iphonesimulator*]" = YES;
				"INFOPLIST_KEY_UIApplicationSupportsIndirectInputEvents[sdk=iphoneos*]" = YES;
				"INFOPLIST_KEY_UIApplicationSupportsIndirectInputEvents[sdk=iphonesimulator*]" = YES;
				"INFOPLIST_KEY_UILaunchScreen_Generation[sdk=iphoneos*]" = YES;
				"INFOPLIST_KEY_UILaunchScreen_Generation[sdk=iphonesimulator*]" = YES;
				"INFOPLIST_KEY_UIStatusBarStyle[sdk=iphoneos*]" = UIStatusBarStyleDefault;
				"INFOPLIST_KEY_UIStatusBarStyle[sdk=iphonesimulator*]" = UIStatusBarStyleDefault;
				INFOPLIST_KEY_UISupportedInterfaceOrientations = "UIInterfaceOrientationLandscapeLeft UIInterfaceOrientationLandscapeRight UIInterfaceOrientationPortrait UIInterfaceOrientationPortraitUpsideDown";
				IPHONEOS_DEPLOYMENT_TARGET = 18.0;
				LD_RUNPATH_SEARCH_PATHS = "@executable_path/Frameworks";
				"LD_RUNPATH_SEARCH_PATHS[sdk=macosx*]" = "@executable_path/../Frameworks";
				MACOSX_DEPLOYMENT_TARGET = 15.0;
				MARKETING_VERSION = 1.0;
				PRODUCT_BUNDLE_IDENTIFIER = name.ranjith.mBudget;
				PRODUCT_NAME = "$(TARGET_NAME)";
				SDKROOT = auto;
				SUPPORTED_PLATFORMS = "iphoneos iphonesimulator macosx xros xrsimulator";
				SWIFT_EMIT_LOC_STRINGS = YES;
				SWIFT_VERSION = 5.0;
				TARGETED_DEVICE_FAMILY = "1,2,7";
				XROS_DEPLOYMENT_TARGET = 2.0;
			};
			name = Debug;
		};
		F1C500F32CBB44C9005F4554 /* Release */ = {
			isa = XCBuildConfiguration;
			buildSettings = {
				ASSETCATALOG_COMPILER_APPICON_NAME = AppIcon;
				ASSETCATALOG_COMPILER_GLOBAL_ACCENT_COLOR_NAME = AccentColor;
				CODE_SIGN_ENTITLEMENTS = mBudget/mBudget.entitlements;
				CODE_SIGN_STYLE = Automatic;
				CURRENT_PROJECT_VERSION = 1;
				DEVELOPMENT_ASSET_PATHS = "\"mBudget/Preview Content\"";
				DEVELOPMENT_TEAM = 8AL455H544;
				ENABLE_PREVIEWS = YES;
				GENERATE_INFOPLIST_FILE = YES;
				INFOPLIST_KEY_CFBundleDisplayName = mBudget;
				"INFOPLIST_KEY_UIApplicationSceneManifest_Generation[sdk=iphoneos*]" = YES;
				"INFOPLIST_KEY_UIApplicationSceneManifest_Generation[sdk=iphonesimulator*]" = YES;
				"INFOPLIST_KEY_UIApplicationSupportsIndirectInputEvents[sdk=iphoneos*]" = YES;
				"INFOPLIST_KEY_UIApplicationSupportsIndirectInputEvents[sdk=iphonesimulator*]" = YES;
				"INFOPLIST_KEY_UILaunchScreen_Generation[sdk=iphoneos*]" = YES;
				"INFOPLIST_KEY_UILaunchScreen_Generation[sdk=iphonesimulator*]" = YES;
				"INFOPLIST_KEY_UIStatusBarStyle[sdk=iphoneos*]" = UIStatusBarStyleDefault;
				"INFOPLIST_KEY_UIStatusBarStyle[sdk=iphonesimulator*]" = UIStatusBarStyleDefault;
				INFOPLIST_KEY_UISupportedInterfaceOrientations = "UIInterfaceOrientationLandscapeLeft UIInterfaceOrientationLandscapeRight UIInterfaceOrientationPortrait UIInterfaceOrientationPortraitUpsideDown";
				IPHONEOS_DEPLOYMENT_TARGET = 18.0;
				LD_RUNPATH_SEARCH_PATHS = "@executable_path/Frameworks";
				"LD_RUNPATH_SEARCH_PATHS[sdk=macosx*]" = "@executable_path/../Frameworks";
				MACOSX_DEPLOYMENT_TARGET = 15.0;
				MARKETING_VERSION = 1.0;
				PRODUCT_BUNDLE_IDENTIFIER = name.ranjith.mBudget;
				PRODUCT_NAME = "$(TARGET_NAME)";
				SDKROOT = auto;
				SUPPORTED_PLATFORMS = "iphoneos iphonesimulator macosx xros xrsimulator";
				SWIFT_EMIT_LOC_STRINGS = YES;
				SWIFT_VERSION = 5.0;
				TARGETED_DEVICE_FAMILY = "1,2,7";
				XROS_DEPLOYMENT_TARGET = 2.0;
			};
			name = Release;
		};
		F1C500F52CBB44C9005F4554 /* Debug */ = {
			isa = XCBuildConfiguration;
			buildSettings = {
				BUNDLE_LOADER = "$(TEST_HOST)";
				CODE_SIGN_STYLE = Automatic;
				CURRENT_PROJECT_VERSION = 1;
				GENERATE_INFOPLIST_FILE = YES;
				IPHONEOS_DEPLOYMENT_TARGET = 18.0;
				MACOSX_DEPLOYMENT_TARGET = 15.0;
				MARKETING_VERSION = 1.0;
				PRODUCT_BUNDLE_IDENTIFIER = name.ranjith.mBudgetTests;
				PRODUCT_NAME = "$(TARGET_NAME)";
				SDKROOT = auto;
				SUPPORTED_PLATFORMS = "iphoneos iphonesimulator macosx xros xrsimulator";
				SWIFT_EMIT_LOC_STRINGS = NO;
				SWIFT_VERSION = 5.0;
				TARGETED_DEVICE_FAMILY = "1,2,7";
				TEST_HOST = "$(BUILT_PRODUCTS_DIR)/mBudget.app/$(BUNDLE_EXECUTABLE_FOLDER_PATH)/mBudget";
				XROS_DEPLOYMENT_TARGET = 2.0;
			};
			name = Debug;
		};
		F1C500F62CBB44C9005F4554 /* Release */ = {
			isa = XCBuildConfiguration;
			buildSettings = {
				BUNDLE_LOADER = "$(TEST_HOST)";
				CODE_SIGN_STYLE = Automatic;
				CURRENT_PROJECT_VERSION = 1;
				GENERATE_INFOPLIST_FILE = YES;
				IPHONEOS_DEPLOYMENT_TARGET = 18.0;
				MACOSX_DEPLOYMENT_TARGET = 15.0;
				MARKETING_VERSION = 1.0;
				PRODUCT_BUNDLE_IDENTIFIER = name.ranjith.mBudgetTests;
				PRODUCT_NAME = "$(TARGET_NAME)";
				SDKROOT = auto;
				SUPPORTED_PLATFORMS = "iphoneos iphonesimulator macosx xros xrsimulator";
				SWIFT_EMIT_LOC_STRINGS = NO;
				SWIFT_VERSION = 5.0;
				TARGETED_DEVICE_FAMILY = "1,2,7";
				TEST_HOST = "$(BUILT_PRODUCTS_DIR)/mBudget.app/$(BUNDLE_EXECUTABLE_FOLDER_PATH)/mBudget";
				XROS_DEPLOYMENT_TARGET = 2.0;
			};
			name = Release;
		};
		F1C500F82CBB44C9005F4554 /* Debug */ = {
			isa = XCBuildConfiguration;
			buildSettings = {
				CODE_SIGN_STYLE = Automatic;
				CURRENT_PROJECT_VERSION = 1;
				GENERATE_INFOPLIST_FILE = YES;
				IPHONEOS_DEPLOYMENT_TARGET = 18.0;
				MACOSX_DEPLOYMENT_TARGET = 15.0;
				MARKETING_VERSION = 1.0;
				PRODUCT_BUNDLE_IDENTIFIER = name.ranjith.mBudgetUITests;
				PRODUCT_NAME = "$(TARGET_NAME)";
				SDKROOT = auto;
				SUPPORTED_PLATFORMS = "iphoneos iphonesimulator macosx xros xrsimulator";
				SWIFT_EMIT_LOC_STRINGS = NO;
				SWIFT_VERSION = 5.0;
				TARGETED_DEVICE_FAMILY = "1,2,7";
				TEST_TARGET_NAME = mBudget;
				XROS_DEPLOYMENT_TARGET = 2.0;
			};
			name = Debug;
		};
		F1C500F92CBB44C9005F4554 /* Release */ = {
			isa = XCBuildConfiguration;
			buildSettings = {
				CODE_SIGN_STYLE = Automatic;
				CURRENT_PROJECT_VERSION = 1;
				GENERATE_INFOPLIST_FILE = YES;
				IPHONEOS_DEPLOYMENT_TARGET = 18.0;
				MACOSX_DEPLOYMENT_TARGET = 15.0;
				MARKETING_VERSION = 1.0;
				PRODUCT_BUNDLE_IDENTIFIER = name.ranjith.mBudgetUITests;
				PRODUCT_NAME = "$(TARGET_NAME)";
				SDKROOT = auto;
				SUPPORTED_PLATFORMS = "iphoneos iphonesimulator macosx xros xrsimulator";
				SWIFT_EMIT_LOC_STRINGS = NO;
				SWIFT_VERSION = 5.0;
				TARGETED_DEVICE_FAMILY = "1,2,7";
				TEST_TARGET_NAME = mBudget;
				XROS_DEPLOYMENT_TARGET = 2.0;
			};
			name = Release;
		};
/* End XCBuildConfiguration section */

/* Begin XCConfigurationList section */
		F1C500C72CBB44C3005F4554 /* Build configuration list for PBXProject "mBudget" */ = {
			isa = XCConfigurationList;
			buildConfigurations = (
				F1C500EF2CBB44C9005F4554 /* Debug */,
				F1C500F02CBB44C9005F4554 /* Release */,
			);
			defaultConfigurationIsVisible = 0;
			defaultConfigurationName = Release;
		};
		F1C500F12CBB44C9005F4554 /* Build configuration list for PBXNativeTarget "mBudget" */ = {
			isa = XCConfigurationList;
			buildConfigurations = (
				F1C500F22CBB44C9005F4554 /* Debug */,
				F1C500F32CBB44C9005F4554 /* Release */,
			);
			defaultConfigurationIsVisible = 0;
			defaultConfigurationName = Release;
		};
		F1C500F42CBB44C9005F4554 /* Build configuration list for PBXNativeTarget "mBudgetTests" */ = {
			isa = XCConfigurationList;
			buildConfigurations = (
				F1C500F52CBB44C9005F4554 /* Debug */,
				F1C500F62CBB44C9005F4554 /* Release */,
			);
			defaultConfigurationIsVisible = 0;
			defaultConfigurationName = Release;
		};
		F1C500F72CBB44C9005F4554 /* Build configuration list for PBXNativeTarget "mBudgetUITests" */ = {
			isa = XCConfigurationList;
			buildConfigurations = (
				F1C500F82CBB44C9005F4554 /* Debug */,
				F1C500F92CBB44C9005F4554 /* Release */,
			);
			defaultConfigurationIsVisible = 0;
			defaultConfigurationName = Release;
		};
/* End XCConfigurationList section */

/* Begin XCRemoteSwiftPackageReference section */
		F1C500FA2CBB9DE4005F4554 /* XCRemoteSwiftPackageReference "firebase-ios-sdk" */ = {
			isa = XCRemoteSwiftPackageReference;
			repositoryURL = "https://github.com/firebase/firebase-ios-sdk";
			requirement = {
				kind = upToNextMajorVersion;
				minimumVersion = 11.3.0;
			};
		};
/* End XCRemoteSwiftPackageReference section */

/* Begin XCSwiftPackageProductDependency section */
		F1C500FB2CBB9EBF005F4554 /* FirebaseAuth */ = {
			isa = XCSwiftPackageProductDependency;
			package = F1C500FA2CBB9DE4005F4554 /* XCRemoteSwiftPackageReference "firebase-ios-sdk" */;
			productName = FirebaseAuth;
		};
		F1C500FD2CBB9EBF005F4554 /* FirebaseFirestore */ = {
			isa = XCSwiftPackageProductDependency;
			package = F1C500FA2CBB9DE4005F4554 /* XCRemoteSwiftPackageReference "firebase-ios-sdk" */;
			productName = FirebaseFirestore;
		};
		F1D14AD32CBD072A003113EC /* FirebaseCore */ = {
			isa = XCSwiftPackageProductDependency;
			package = F1C500FA2CBB9DE4005F4554 /* XCRemoteSwiftPackageReference "firebase-ios-sdk" */;
			productName = FirebaseCore;
		};
/* End XCSwiftPackageProductDependency section */
	};
	rootObject = F1C500C42CBB44C3005F4554 /* Project object */;
}
